
Microsoft Visual Studio Solution File, Format Version 12.00
# Visual Studio Version 16
VisualStudioVersion = 16.0.29123.88
MinimumVisualStudioVersion = 10.0.40219.1
Project("{FAE04EC0-301F-11D3-BF4B-00C04F79EFBC}") = "HelloWorld", "HelloWorld\HelloWorld.csproj", "{58DA324C-265F-413F-ADBE-BF02EDF1184C}"
EndProject
Global
	GlobalSection(SolutionConfigurationPlatforms) = preSolution
		Debug|Any CPU = Debug|Any CPU
		Release|Any CPU = Release|Any CPU
	EndGlobalSection
	GlobalSection(ProjectConfigurationPlatforms) = postSolution
		{58DA324C-265F-413F-ADBE-BF02EDF1184C}.Debug|Any CPU.ActiveCfg = Debug|Any CPU
		{58DA324C-265F-413F-ADBE-BF02EDF1184C}.Debug|Any CPU.Build.0 = Debug|Any CPU
		{58DA324C-265F-413F-ADBE-BF02EDF1184C}.Release|Any CPU.ActiveCfg = Release|Any CPU
		{58DA324C-265F-413F-ADBE-BF02EDF1184C}.Release|Any CPU.Build.0 = Release|Any CPU
	EndGlobalSection
	GlobalSection(SolutionProperties) = preSolution
		HideSolutionNode = FALSE
	EndGlobalSection
	GlobalSection(ExtensibilityGlobals) = postSolution
		SolutionGuid = {6A75BC24-02CD-4DD3-ABE7-51F1AA7B2C2C}
	EndGlobalSection
EndGlobal
